
Microsoft Visual Studio Solution File, Format Version 12.00
# Visual Studio 15
VisualStudioVersion = 15.0.27004.2010
MinimumVisualStudioVersion = 10.0.40219.1
Project("{FAE04EC0-301F-11D3-BF4B-00C04F79EFBC}") = "AppleAndOrange", "AppleAndOrange\AppleAndOrange.csproj", "{AAED468B-0DEF-45F4-92B7-AD7C0D451680}"
EndProject
Global
	GlobalSection(SolutionConfigurationPlatforms) = preSolution
		Debug|Any CPU = Debug|Any CPU
		Release|Any CPU = Release|Any CPU
	EndGlobalSection
	GlobalSection(ProjectConfigurationPlatforms) = postSolution
		{AAED468B-0DEF-45F4-92B7-AD7C0D451680}.Debug|Any CPU.ActiveCfg = Debug|Any CPU
		{AAED468B-0DEF-45F4-92B7-AD7C0D451680}.Debug|Any CPU.Build.0 = Debug|Any CPU
		{AAED468B-0DEF-45F4-92B7-AD7C0D451680}.Release|Any CPU.ActiveCfg = Release|Any CPU
		{AAED468B-0DEF-45F4-92B7-AD7C0D451680}.Release|Any CPU.Build.0 = Release|Any CPU
	EndGlobalSection
	GlobalSection(SolutionProperties) = preSolution
		HideSolutionNode = FALSE
	EndGlobalSection
	GlobalSection(ExtensibilityGlobals) = postSolution
		SolutionGuid = {9385DBB5-4ED8-424B-BC7A-97DEA1BAD0E5}
	EndGlobalSection
EndGlobal
